
Microsoft Visual Studio Solution File, Format Version 12.00
# Visual Studio Version 17
VisualStudioVersion = 17.4.33213.308
MinimumVisualStudioVersion = 10.0.40219.1
Project("{9A19103F-16F7-4668-BE54-9A1E7A4F7556}") = "LoginAPI", "LoginAPI.csproj", "{FBFADB72-4D3E-4DE9-9139-83237FE22553}"
EndProject
Project("{9A19103F-16F7-4668-BE54-9A1E7A4F7556}") = "TourAPI", "..\TourAPI\TourAPI.csproj", "{7728BFD1-CD1B-4C3E-8B85-95E1AEF69228}"
EndProject
Project("{9A19103F-16F7-4668-BE54-9A1E7A4F7556}") = "BookingAPI", "..\..\..\BookingAPI\BookingAPI.csproj", "{17EE4F90-684C-460C-94A4-49909BA0D300}"
EndProject
Project("{FAE04EC0-301F-11D3-BF4B-00C04F79EFBC}") = "UnitTest", "..\UnitTest\UnitTest.csproj", "{8EA37C83-4EDC-4057-BBE0-DB2E5AAFA33E}"
EndProject
Global
	GlobalSection(SolutionConfigurationPlatforms) = preSolution
		Debug|Any CPU = Debug|Any CPU
		Release|Any CPU = Release|Any CPU
	EndGlobalSection
	GlobalSection(ProjectConfigurationPlatforms) = postSolution
		{FBFADB72-4D3E-4DE9-9139-83237FE22553}.Debug|Any CPU.ActiveCfg = Debug|Any CPU
		{FBFADB72-4D3E-4DE9-9139-83237FE22553}.Debug|Any CPU.Build.0 = Debug|Any CPU
		{FBFADB72-4D3E-4DE9-9139-83237FE22553}.Release|Any CPU.ActiveCfg = Release|Any CPU
		{FBFADB72-4D3E-4DE9-9139-83237FE22553}.Release|Any CPU.Build.0 = Release|Any CPU
		{7728BFD1-CD1B-4C3E-8B85-95E1AEF69228}.Debug|Any CPU.ActiveCfg = Debug|Any CPU
		{7728BFD1-CD1B-4C3E-8B85-95E1AEF69228}.Debug|Any CPU.Build.0 = Debug|Any CPU
		{7728BFD1-CD1B-4C3E-8B85-95E1AEF69228}.Release|Any CPU.ActiveCfg = Release|Any CPU
		{7728BFD1-CD1B-4C3E-8B85-95E1AEF69228}.Release|Any CPU.Build.0 = Release|Any CPU
		{17EE4F90-684C-460C-94A4-49909BA0D300}.Debug|Any CPU.ActiveCfg = Debug|Any CPU
		{17EE4F90-684C-460C-94A4-49909BA0D300}.Debug|Any CPU.Build.0 = Debug|Any CPU
		{17EE4F90-684C-460C-94A4-49909BA0D300}.Release|Any CPU.ActiveCfg = Release|Any CPU
		{17EE4F90-684C-460C-94A4-49909BA0D300}.Release|Any CPU.Build.0 = Release|Any CPU
		{8EA37C83-4EDC-4057-BBE0-DB2E5AAFA33E}.Debug|Any CPU.ActiveCfg = Debug|Any CPU
		{8EA37C83-4EDC-4057-BBE0-DB2E5AAFA33E}.Debug|Any CPU.Build.0 = Debug|Any CPU
		{8EA37C83-4EDC-4057-BBE0-DB2E5AAFA33E}.Release|Any CPU.ActiveCfg = Release|Any CPU
		{8EA37C83-4EDC-4057-BBE0-DB2E5AAFA33E}.Release|Any CPU.Build.0 = Release|Any CPU
	EndGlobalSection
	GlobalSection(SolutionProperties) = preSolution
		HideSolutionNode = FALSE
	EndGlobalSection
	GlobalSection(ExtensibilityGlobals) = postSolution
		SolutionGuid = {B9109D67-5D8A-403D-A80F-05A313464217}
	EndGlobalSection
EndGlobal
